
Microsoft Visual Studio Solution File, Format Version 11.00
# Visual Studio 2010
Project("{FAE04EC0-301F-11D3-BF4B-00C04F79EFBC}") = "Client", "Client\Client.csproj", "{E35C8B30-B3E4-4F4A-BD60-EF96809F2CC6}"
EndProject
Project("{FAE04EC0-301F-11D3-BF4B-00C04F79EFBC}") = "Server", "Server\Server.csproj", "{8F242D88-70E8-4C2A-A7D3-913BD57D4BE8}"
EndProject
Project("{FAE04EC0-301F-11D3-BF4B-00C04F79EFBC}") = "Messages", "Messages\Messages.csproj", "{A1F6B4E7-1A01-4EE6-AF12-2010C4234D22}"
EndProject
Global
	GlobalSection(SolutionConfigurationPlatforms) = preSolution
		Debug|Any CPU = Debug|Any CPU
		Debug|Mixed Platforms = Debug|Mixed Platforms
		Debug|x86 = Debug|x86
		Release|Any CPU = Release|Any CPU
		Release|Mixed Platforms = Release|Mixed Platforms
		Release|x86 = Release|x86
	EndGlobalSection
	GlobalSection(ProjectConfigurationPlatforms) = postSolution
		{E35C8B30-B3E4-4F4A-BD60-EF96809F2CC6}.Debug|Any CPU.ActiveCfg = Debug|x86
		{E35C8B30-B3E4-4F4A-BD60-EF96809F2CC6}.Debug|Mixed Platforms.ActiveCfg = Debug|x86
		{E35C8B30-B3E4-4F4A-BD60-EF96809F2CC6}.Debug|Mixed Platforms.Build.0 = Debug|x86
		{E35C8B30-B3E4-4F4A-BD60-EF96809F2CC6}.Debug|x86.ActiveCfg = Debug|x86
		{E35C8B30-B3E4-4F4A-BD60-EF96809F2CC6}.Debug|x86.Build.0 = Debug|x86
		{E35C8B30-B3E4-4F4A-BD60-EF96809F2CC6}.Release|Any CPU.ActiveCfg = Release|x86
		{E35C8B30-B3E4-4F4A-BD60-EF96809F2CC6}.Release|Mixed Platforms.ActiveCfg = Release|x86
		{E35C8B30-B3E4-4F4A-BD60-EF96809F2CC6}.Release|Mixed Platforms.Build.0 = Release|x86
		{E35C8B30-B3E4-4F4A-BD60-EF96809F2CC6}.Release|x86.ActiveCfg = Release|x86
		{E35C8B30-B3E4-4F4A-BD60-EF96809F2CC6}.Release|x86.Build.0 = Release|x86
		{8F242D88-70E8-4C2A-A7D3-913BD57D4BE8}.Debug|Any CPU.ActiveCfg = Debug|x86
		{8F242D88-70E8-4C2A-A7D3-913BD57D4BE8}.Debug|Mixed Platforms.ActiveCfg = Debug|x86
		{8F242D88-70E8-4C2A-A7D3-913BD57D4BE8}.Debug|Mixed Platforms.Build.0 = Debug|x86
		{8F242D88-70E8-4C2A-A7D3-913BD57D4BE8}.Debug|x86.ActiveCfg = Debug|x86
		{8F242D88-70E8-4C2A-A7D3-913BD57D4BE8}.Debug|x86.Build.0 = Debug|x86
		{8F242D88-70E8-4C2A-A7D3-913BD57D4BE8}.Release|Any CPU.ActiveCfg = Release|x86
		{8F242D88-70E8-4C2A-A7D3-913BD57D4BE8}.Release|Mixed Platforms.ActiveCfg = Release|x86
		{8F242D88-70E8-4C2A-A7D3-913BD57D4BE8}.Release|Mixed Platforms.Build.0 = Release|x86
		{8F242D88-70E8-4C2A-A7D3-913BD57D4BE8}.Release|x86.ActiveCfg = Release|x86
		{8F242D88-70E8-4C2A-A7D3-913BD57D4BE8}.Release|x86.Build.0 = Release|x86
		{A1F6B4E7-1A01-4EE6-AF12-2010C4234D22}.Debug|Any CPU.ActiveCfg = Debug|Any CPU
		{A1F6B4E7-1A01-4EE6-AF12-2010C4234D22}.Debug|Any CPU.Build.0 = Debug|Any CPU
		{A1F6B4E7-1A01-4EE6-AF12-2010C4234D22}.Debug|Mixed Platforms.ActiveCfg = Debug|Any CPU
		{A1F6B4E7-1A01-4EE6-AF12-2010C4234D22}.Debug|Mixed Platforms.Build.0 = Debug|Any CPU
		{A1F6B4E7-1A01-4EE6-AF12-2010C4234D22}.Debug|x86.ActiveCfg = Debug|Any CPU
		{A1F6B4E7-1A01-4EE6-AF12-2010C4234D22}.Release|Any CPU.ActiveCfg = Release|Any CPU
		{A1F6B4E7-1A01-4EE6-AF12-2010C4234D22}.Release|Any CPU.Build.0 = Release|Any CPU
		{A1F6B4E7-1A01-4EE6-AF12-2010C4234D22}.Release|Mixed Platforms.ActiveCfg = Release|Any CPU
		{A1F6B4E7-1A01-4EE6-AF12-2010C4234D22}.Release|Mixed Platforms.Build.0 = Release|Any CPU
		{A1F6B4E7-1A01-4EE6-AF12-2010C4234D22}.Release|x86.ActiveCfg = Release|Any CPU
	EndGlobalSection
	GlobalSection(SolutionProperties) = preSolution
		HideSolutionNode = FALSE
	EndGlobalSection
EndGlobal
